
Microsoft Visual Studio Solution File, Format Version 12.00
# Visual Studio Version 17
VisualStudioVersion = 17.13.35825.156 d17.13
MinimumVisualStudioVersion = 10.0.40219.1
Project("{FAE04EC0-301F-11D3-BF4B-00C04F79EFBC}") = "Duplikasi_Kata", "Duplikasi_Kata\Duplikasi_Kata.csproj", "{2E0413C2-71B4-4E30-8B73-E24E7A15BBE0}"
EndProject
Global
	GlobalSection(SolutionConfigurationPlatforms) = preSolution
		Debug|Any CPU = Debug|Any CPU
		Release|Any CPU = Release|Any CPU
	EndGlobalSection
	GlobalSection(ProjectConfigurationPlatforms) = postSolution
		{2E0413C2-71B4-4E30-8B73-E24E7A15BBE0}.Debug|Any CPU.ActiveCfg = Debug|Any CPU
		{2E0413C2-71B4-4E30-8B73-E24E7A15BBE0}.Debug|Any CPU.Build.0 = Debug|Any CPU
		{2E0413C2-71B4-4E30-8B73-E24E7A15BBE0}.Release|Any CPU.ActiveCfg = Release|Any CPU
		{2E0413C2-71B4-4E30-8B73-E24E7A15BBE0}.Release|Any CPU.Build.0 = Release|Any CPU
	EndGlobalSection
	GlobalSection(SolutionProperties) = preSolution
		HideSolutionNode = FALSE
	EndGlobalSection
	GlobalSection(ExtensibilityGlobals) = postSolution
		SolutionGuid = {B08BD128-1341-408E-B112-D1A6EEFCA317}
	EndGlobalSection
EndGlobal
